
Microsoft Visual Studio Solution File, Format Version 12.00
# Visual Studio 15
VisualStudioVersion = 15.0.28307.1082
MinimumVisualStudioVersion = 10.0.40219.1
Project("{FAE04EC0-301F-11D3-BF4B-00C04F79EFBC}") = "WPFOLD", "WPFOLD\WPFOLD.csproj", "{D08384A4-2B3A-48CD-85C0-B22642AB12BF}"
EndProject
Global
	GlobalSection(SolutionConfigurationPlatforms) = preSolution
		Debug|Any CPU = Debug|Any CPU
		Release|Any CPU = Release|Any CPU
	EndGlobalSection
	GlobalSection(ProjectConfigurationPlatforms) = postSolution
		{D08384A4-2B3A-48CD-85C0-B22642AB12BF}.Debug|Any CPU.ActiveCfg = Debug|Any CPU
		{D08384A4-2B3A-48CD-85C0-B22642AB12BF}.Debug|Any CPU.Build.0 = Debug|Any CPU
		{D08384A4-2B3A-48CD-85C0-B22642AB12BF}.Release|Any CPU.ActiveCfg = Release|Any CPU
		{D08384A4-2B3A-48CD-85C0-B22642AB12BF}.Release|Any CPU.Build.0 = Release|Any CPU
	EndGlobalSection
	GlobalSection(SolutionProperties) = preSolution
		HideSolutionNode = FALSE
	EndGlobalSection
	GlobalSection(ExtensibilityGlobals) = postSolution
		SolutionGuid = {4EDA800D-D1F4-4851-848B-AB848E702CC0}
	EndGlobalSection
EndGlobal
